// !$*UTF8*$!
{
	archiveVersion = 1;
	classes = {
	};
	objectVersion = 51;
	objects = {

/* Begin PBXBuildFile section */
		6471D5F726016C7E00A6D4F7 /* AppDelegate.swift in Sources */ = {isa = PBXBuildFile; fileRef = 6471D5F626016C7E00A6D4F7 /* AppDelegate.swift */; };
		6471D5F926016C7E00A6D4F7 /* SceneDelegate.swift in Sources */ = {isa = PBXBuildFile; fileRef = 6471D5F826016C7E00A6D4F7 /* SceneDelegate.swift */; };
		6471D5FB26016C7E00A6D4F7 /* ViewController.swift in Sources */ = {isa = PBXBuildFile; fileRef = 6471D5FA26016C7E00A6D4F7 /* ViewController.swift */; };
		6471D5FE26016C7E00A6D4F7 /* Main.storyboard in Resources */ = {isa = PBXBuildFile; fileRef = 6471D5FC26016C7E00A6D4F7 /* Main.storyboard */; };
		6471D60026016C8100A6D4F7 /* Assets.xcassets in Resources */ = {isa = PBXBuildFile; fileRef = 6471D5FF26016C8100A6D4F7 /* Assets.xcassets */; };
		6471D60326016C8100A6D4F7 /* LaunchScreen.storyboard in Resources */ = {isa = PBXBuildFile; fileRef = 6471D60126016C8100A6D4F7 /* LaunchScreen.storyboard */; };
		6471D60E26016C8100A6D4F7 /* parstagramTests.swift in Sources */ = {isa = PBXBuildFile; fileRef = 6471D60D26016C8100A6D4F7 /* parstagramTests.swift */; };
		6471D61926016C8100A6D4F7 /* parstagramUITests.swift in Sources */ = {isa = PBXBuildFile; fileRef = 6471D61826016C8100A6D4F7 /* parstagramUITests.swift */; };
		6471D6332601770D00A6D4F7 /* LoginViewController.swift in Sources */ = {isa = PBXBuildFile; fileRef = 6471D6322601770D00A6D4F7 /* LoginViewController.swift */; };
		6471D6382601773F00A6D4F7 /* FeedViewController.swift in Sources */ = {isa = PBXBuildFile; fileRef = 6471D6372601773F00A6D4F7 /* FeedViewController.swift */; };
		64B4733326032F3000E7220C /* CameraViewController.swift in Sources */ = {isa = PBXBuildFile; fileRef = 64B4733226032F3000E7220C /* CameraViewController.swift */; };
		7F2700A56BD0C49F706A581F /* Pods_parstagram_parstagramUITests.framework in Frameworks */ = {isa = PBXBuildFile; fileRef = 41A6717781222DC6331EF433 /* Pods_parstagram_parstagramUITests.framework */; };
		E2423FC0034568A536B17290 /* Pods_parstagram.framework in Frameworks */ = {isa = PBXBuildFile; fileRef = FE02C23B98A661E6E030B4B7 /* Pods_parstagram.framework */; };
		EB7F74D3CFE4F148A58E36AC /* Pods_parstagramTests.framework in Frameworks */ = {isa = PBXBuildFile; fileRef = 76A62D6037DBDF5B8E496E00 /* Pods_parstagramTests.framework */; };
/* End PBXBuildFile section */

/* Begin PBXContainerItemProxy section */
		6471D60A26016C8100A6D4F7 /* PBXContainerItemProxy */ = {
			isa = PBXContainerItemProxy;
			containerPortal = 6471D5EB26016C7E00A6D4F7 /* Project object */;
			proxyType = 1;
			remoteGlobalIDString = 6471D5F226016C7E00A6D4F7;
			remoteInfo = parstagram;
		};
		6471D61526016C8100A6D4F7 /* PBXContainerItemProxy */ = {
			isa = PBXContainerItemProxy;
			containerPortal = 6471D5EB26016C7E00A6D4F7 /* Project object */;
			proxyType = 1;
			remoteGlobalIDString = 6471D5F226016C7E00A6D4F7;
			remoteInfo = parstagram;
		};
/* End PBXContainerItemProxy section */

/* Begin PBXFileReference section */
		0BEE6DC683DEB27D77C1B6F3 /* Pods-parstagram-parstagramUITests.debug.xcconfig */ = {isa = PBXFileReference; includeInIndex = 1; lastKnownFileType = text.xcconfig; name = "Pods-parstagram-parstagramUITests.debug.xcconfig"; path = "Target Support Files/Pods-parstagram-parstagramUITests/Pods-parstagram-parstagramUITests.debug.xcconfig"; sourceTree = "<group>"; };
		41A6717781222DC6331EF433 /* Pods_parstagram_parstagramUITests.framework */ = {isa = PBXFileReference; explicitFileType = wrapper.framework; includeInIndex = 0; path = Pods_parstagram_parstagramUITests.framework; sourceTree = BUILT_PRODUCTS_DIR; };
		6471D5F326016C7E00A6D4F7 /* parstagram.app */ = {isa = PBXFileReference; explicitFileType = wrapper.application; includeInIndex = 0; path = parstagram.app; sourceTree = BUILT_PRODUCTS_DIR; };
		6471D5F626016C7E00A6D4F7 /* AppDelegate.swift */ = {isa = PBXFileReference; lastKnownFileType = sourcecode.swift; path = AppDelegate.swift; sourceTree = "<group>"; };
		6471D5F826016C7E00A6D4F7 /* SceneDelegate.swift */ = {isa = PBXFileReference; lastKnownFileType = sourcecode.swift; path = SceneDelegate.swift; sourceTree = "<group>"; };
		6471D5FA26016C7E00A6D4F7 /* ViewController.swift */ = {isa = PBXFileReference; lastKnownFileType = sourcecode.swift; path = ViewController.swift; sourceTree = "<group>"; };
		6471D5FD26016C7E00A6D4F7 /* Base */ = {isa = PBXFileReference; lastKnownFileType = file.storyboard; name = Base; path = Base.lproj/Main.storyboard; sourceTree = "<group>"; };
		6471D5FF26016C8100A6D4F7 /* Assets.xcassets */ = {isa = PBXFileReference; lastKnownFileType = folder.assetcatalog; path = Assets.xcassets; sourceTree = "<group>"; };
		6471D60226016C8100A6D4F7 /* Base */ = {isa = PBXFileReference; lastKnownFileType = file.storyboard; name = Base; path = Base.lproj/LaunchScreen.storyboard; sourceTree = "<group>"; };
		6471D60426016C8100A6D4F7 /* Info.plist */ = {isa = PBXFileReference; lastKnownFileType = text.plist.xml; path = Info.plist; sourceTree = "<group>"; };
		6471D60926016C8100A6D4F7 /* parstagramTests.xctest */ = {isa = PBXFileReference; explicitFileType = wrapper.cfbundle; includeInIndex = 0; path = parstagramTests.xctest; sourceTree = BUILT_PRODUCTS_DIR; };
		6471D60D26016C8100A6D4F7 /* parstagramTests.swift */ = {isa = PBXFileReference; lastKnownFileType = sourcecode.swift; path = parstagramTests.swift; sourceTree = "<group>"; };
		6471D60F26016C8100A6D4F7 /* Info.plist */ = {isa = PBXFileReference; lastKnownFileType = text.plist.xml; path = Info.plist; sourceTree = "<group>"; };
		6471D61426016C8100A6D4F7 /* parstagramUITests.xctest */ = {isa = PBXFileReference; explicitFileType = wrapper.cfbundle; includeInIndex = 0; path = parstagramUITests.xctest; sourceTree = BUILT_PRODUCTS_DIR; };
		6471D61826016C8100A6D4F7 /* parstagramUITests.swift */ = {isa = PBXFileReference; lastKnownFileType = sourcecode.swift; path = parstagramUITests.swift; sourceTree = "<group>"; };
		6471D61A26016C8100A6D4F7 /* Info.plist */ = {isa = PBXFileReference; lastKnownFileType = text.plist.xml; path = Info.plist; sourceTree = "<group>"; };
		6471D6322601770D00A6D4F7 /* LoginViewController.swift */ = {isa = PBXFileReference; lastKnownFileType = sourcecode.swift; path = LoginViewController.swift; sourceTree = "<group>"; };
		6471D6372601773F00A6D4F7 /* FeedViewController.swift */ = {isa = PBXFileReference; lastKnownFileType = sourcecode.swift; path = FeedViewController.swift; sourceTree = "<group>"; };
		64B4733226032F3000E7220C /* CameraViewController.swift */ = {isa = PBXFileReference; lastKnownFileType = sourcecode.swift; path = CameraViewController.swift; sourceTree = "<group>"; };
		76A62D6037DBDF5B8E496E00 /* Pods_parstagramTests.framework */ = {isa = PBXFileReference; explicitFileType = wrapper.framework; includeInIndex = 0; path = Pods_parstagramTests.framework; sourceTree = BUILT_PRODUCTS_DIR; };
		76F1BB248F6767C4B02B98CE /* Pods-parstagramTests.release.xcconfig */ = {isa = PBXFileReference; includeInIndex = 1; lastKnownFileType = text.xcconfig; name = "Pods-parstagramTests.release.xcconfig"; path = "Target Support Files/Pods-parstagramTests/Pods-parstagramTests.release.xcconfig"; sourceTree = "<group>"; };
		845BBF8966E8E67F30E987F5 /* Pods-parstagram-parstagramUITests.release.xcconfig */ = {isa = PBXFileReference; includeInIndex = 1; lastKnownFileType = text.xcconfig; name = "Pods-parstagram-parstagramUITests.release.xcconfig"; path = "Target Support Files/Pods-parstagram-parstagramUITests/Pods-parstagram-parstagramUITests.release.xcconfig"; sourceTree = "<group>"; };
		AD29CC5951E4FA8B0FB9495A /* Pods-parstagramTests.debug.xcconfig */ = {isa = PBXFileReference; includeInIndex = 1; lastKnownFileType = text.xcconfig; name = "Pods-parstagramTests.debug.xcconfig"; path = "Target Support Files/Pods-parstagramTests/Pods-parstagramTests.debug.xcconfig"; sourceTree = "<group>"; };
		D20692BB17796956971788F9 /* Pods-parstagram.release.xcconfig */ = {isa = PBXFileReference; includeInIndex = 1; lastKnownFileType = text.xcconfig; name = "Pods-parstagram.release.xcconfig"; path = "Target Support Files/Pods-parstagram/Pods-parstagram.release.xcconfig"; sourceTree = "<group>"; };
		FBF2DD12115E50F837CA05E5 /* Pods-parstagram.debug.xcconfig */ = {isa = PBXFileReference; includeInIndex = 1; lastKnownFileType = text.xcconfig; name = "Pods-parstagram.debug.xcconfig"; path = "Target Support Files/Pods-parstagram/Pods-parstagram.debug.xcconfig"; sourceTree = "<group>"; };
		FE02C23B98A661E6E030B4B7 /* Pods_parstagram.framework */ = {isa = PBXFileReference; explicitFileType = wrapper.framework; includeInIndex = 0; path = Pods_parstagram.framework; sourceTree = BUILT_PRODUCTS_DIR; };
/* End PBXFileReference section */

/* Begin PBXFrameworksBuildPhase section */
		6471D5F026016C7E00A6D4F7 /* Frameworks */ = {
			isa = PBXFrameworksBuildPhase;
			buildActionMask = 2147483647;
			files = (
				E2423FC0034568A536B17290 /* Pods_parstagram.framework in Frameworks */,
			);
			runOnlyForDeploymentPostprocessing = 0;
		};
		6471D60626016C8100A6D4F7 /* Frameworks */ = {
			isa = PBXFrameworksBuildPhase;
			buildActionMask = 2147483647;
			files = (
				EB7F74D3CFE4F148A58E36AC /* Pods_parstagramTests.framework in Frameworks */,
			);
			runOnlyForDeploymentPostprocessing = 0;
		};
		6471D61126016C8100A6D4F7 /* Frameworks */ = {
			isa = PBXFrameworksBuildPhase;
			buildActionMask = 2147483647;
			files = (
				7F2700A56BD0C49F706A581F /* Pods_parstagram_parstagramUITests.framework in Frameworks */,
			);
			runOnlyForDeploymentPostprocessing = 0;
		};
/* End PBXFrameworksBuildPhase section */

/* Begin PBXGroup section */
		38F2A6D08C572FF3E793077F /* Pods */ = {
			isa = PBXGroup;
			children = (
				FBF2DD12115E50F837CA05E5 /* Pods-parstagram.debug.xcconfig */,
				D20692BB17796956971788F9 /* Pods-parstagram.release.xcconfig */,
				0BEE6DC683DEB27D77C1B6F3 /* Pods-parstagram-parstagramUITests.debug.xcconfig */,
				845BBF8966E8E67F30E987F5 /* Pods-parstagram-parstagramUITests.release.xcconfig */,
				AD29CC5951E4FA8B0FB9495A /* Pods-parstagramTests.debug.xcconfig */,
				76F1BB248F6767C4B02B98CE /* Pods-parstagramTests.release.xcconfig */,
			);
			path = Pods;
			sourceTree = "<group>";
		};
		6471D5EA26016C7E00A6D4F7 = {
			isa = PBXGroup;
			children = (
				6471D5F526016C7E00A6D4F7 /* parstagram */,
				6471D60C26016C8100A6D4F7 /* parstagramTests */,
				6471D61726016C8100A6D4F7 /* parstagramUITests */,
				6471D5F426016C7E00A6D4F7 /* Products */,
				38F2A6D08C572FF3E793077F /* Pods */,
				E6D103F920FFEF716AC26FF5 /* Frameworks */,
			);
			sourceTree = "<group>";
		};
		6471D5F426016C7E00A6D4F7 /* Products */ = {
			isa = PBXGroup;
			children = (
				6471D5F326016C7E00A6D4F7 /* parstagram.app */,
				6471D60926016C8100A6D4F7 /* parstagramTests.xctest */,
				6471D61426016C8100A6D4F7 /* parstagramUITests.xctest */,
			);
			name = Products;
			sourceTree = "<group>";
		};
		6471D5F526016C7E00A6D4F7 /* parstagram */ = {
			isa = PBXGroup;
			children = (
				6471D5F626016C7E00A6D4F7 /* AppDelegate.swift */,
				6471D5F826016C7E00A6D4F7 /* SceneDelegate.swift */,
				6471D5FA26016C7E00A6D4F7 /* ViewController.swift */,
				6471D5FC26016C7E00A6D4F7 /* Main.storyboard */,
				6471D5FF26016C8100A6D4F7 /* Assets.xcassets */,
				6471D60126016C8100A6D4F7 /* LaunchScreen.storyboard */,
				6471D60426016C8100A6D4F7 /* Info.plist */,
				6471D6322601770D00A6D4F7 /* LoginViewController.swift */,
				6471D6372601773F00A6D4F7 /* FeedViewController.swift */,
				64B4733226032F3000E7220C /* CameraViewController.swift */,
			);
			path = parstagram;
			sourceTree = "<group>";
		};
		6471D60C26016C8100A6D4F7 /* parstagramTests */ = {
			isa = PBXGroup;
			children = (
				6471D60D26016C8100A6D4F7 /* parstagramTests.swift */,
				6471D60F26016C8100A6D4F7 /* Info.plist */,
			);
			path = parstagramTests;
			sourceTree = "<group>";
		};
		6471D61726016C8100A6D4F7 /* parstagramUITests */ = {
			isa = PBXGroup;
			children = (
				6471D61826016C8100A6D4F7 /* parstagramUITests.swift */,
				6471D61A26016C8100A6D4F7 /* Info.plist */,
			);
			path = parstagramUITests;
			sourceTree = "<group>";
		};
		E6D103F920FFEF716AC26FF5 /* Frameworks */ = {
			isa = PBXGroup;
			children = (
				FE02C23B98A661E6E030B4B7 /* Pods_parstagram.framework */,
				41A6717781222DC6331EF433 /* Pods_parstagram_parstagramUITests.framework */,
				76A62D6037DBDF5B8E496E00 /* Pods_parstagramTests.framework */,
			);
			name = Frameworks;
			sourceTree = "<group>";
		};
/* End PBXGroup section */

/* Begin PBXNativeTarget section */
		6471D5F226016C7E00A6D4F7 /* parstagram */ = {
			isa = PBXNativeTarget;
			buildConfigurationList = 6471D61D26016C8100A6D4F7 /* Build configuration list for PBXNativeTarget "parstagram" */;
			buildPhases = (
				82020D279F992791FABD2DB3 /* [CP] Check Pods Manifest.lock */,
				6471D5EF26016C7E00A6D4F7 /* Sources */,
				6471D5F026016C7E00A6D4F7 /* Frameworks */,
				6471D5F126016C7E00A6D4F7 /* Resources */,
				ABBA55C0662E1186230AC6A9 /* [CP] Embed Pods Frameworks */,
			);
			buildRules = (
			);
			dependencies = (
			);
			name = parstagram;
			productName = parstagram;
			productReference = 6471D5F326016C7E00A6D4F7 /* parstagram.app */;
			productType = "com.apple.product-type.application";
		};
		6471D60826016C8100A6D4F7 /* parstagramTests */ = {
			isa = PBXNativeTarget;
			buildConfigurationList = 6471D62026016C8100A6D4F7 /* Build configuration list for PBXNativeTarget "parstagramTests" */;
			buildPhases = (
				E5D002FFFA296D6214EE18AC /* [CP] Check Pods Manifest.lock */,
				6471D60526016C8100A6D4F7 /* Sources */,
				6471D60626016C8100A6D4F7 /* Frameworks */,
				6471D60726016C8100A6D4F7 /* Resources */,
			);
			buildRules = (
			);
			dependencies = (
				6471D60B26016C8100A6D4F7 /* PBXTargetDependency */,
			);
			name = parstagramTests;
			productName = parstagramTests;
			productReference = 6471D60926016C8100A6D4F7 /* parstagramTests.xctest */;
			productType = "com.apple.product-type.bundle.unit-test";
		};
		6471D61326016C8100A6D4F7 /* parstagramUITests */ = {
			isa = PBXNativeTarget;
			buildConfigurationList = 6471D62326016C8100A6D4F7 /* Build configuration list for PBXNativeTarget "parstagramUITests" */;
			buildPhases = (
				C432D5A82D029E0AA3B171AF /* [CP] Check Pods Manifest.lock */,
				6471D61026016C8100A6D4F7 /* Sources */,
				6471D61126016C8100A6D4F7 /* Frameworks */,
				6471D61226016C8100A6D4F7 /* Resources */,
				1678D513834CDCCC968D86C9 /* [CP] Embed Pods Frameworks */,
			);
			buildRules = (
			);
			dependencies = (
				6471D61626016C8100A6D4F7 /* PBXTargetDependency */,
			);
			name = parstagramUITests;
			productName = parstagramUITests;
			productReference = 6471D61426016C8100A6D4F7 /* parstagramUITests.xctest */;
			productType = "com.apple.product-type.bundle.ui-testing";
		};
/* End PBXNativeTarget section */

/* Begin PBXProject section */
		6471D5EB26016C7E00A6D4F7 /* Project object */ = {
			isa = PBXProject;
			attributes = {
				LastSwiftUpdateCheck = 1240;
				LastUpgradeCheck = 1240;
				TargetAttributes = {
					6471D5F226016C7E00A6D4F7 = {
						CreatedOnToolsVersion = 12.4;
					};
					6471D60826016C8100A6D4F7 = {
						CreatedOnToolsVersion = 12.4;
						TestTargetID = 6471D5F226016C7E00A6D4F7;
					};
					6471D61326016C8100A6D4F7 = {
						CreatedOnToolsVersion = 12.4;
						TestTargetID = 6471D5F226016C7E00A6D4F7;
					};
				};
			};
			buildConfigurationList = 6471D5EE26016C7E00A6D4F7 /* Build configuration list for PBXProject "parstagram" */;
			compatibilityVersion = "Xcode 9.3";
			developmentRegion = en;
			hasScannedForEncodings = 0;
			knownRegions = (
				en,
				Base,
			);
			mainGroup = 6471D5EA26016C7E00A6D4F7;
			productRefGroup = 6471D5F426016C7E00A6D4F7 /* Products */;
			projectDirPath = "";
			projectRoot = "";
			targets = (
				6471D5F226016C7E00A6D4F7 /* parstagram */,
				6471D60826016C8100A6D4F7 /* parstagramTests */,
				6471D61326016C8100A6D4F7 /* parstagramUITests */,
			);
		};
/* End PBXProject section */

/* Begin PBXResourcesBuildPhase section */
		6471D5F126016C7E00A6D4F7 /* Resources */ = {
			isa = PBXResourcesBuildPhase;
			buildActionMask = 2147483647;
			files = (
				6471D60326016C8100A6D4F7 /* LaunchScreen.storyboard in Resources */,
				6471D60026016C8100A6D4F7 /* Assets.xcassets in Resources */,
				6471D5FE26016C7E00A6D4F7 /* Main.storyboard in Resources */,
			);
			runOnlyForDeploymentPostprocessing = 0;
		};
		6471D60726016C8100A6D4F7 /* Resources */ = {
			isa = PBXResourcesBuildPhase;
			buildActionMask = 2147483647;
			files = (
			);
			runOnlyForDeploymentPostprocessing = 0;
		};
		6471D61226016C8100A6D4F7 /* Resources */ = {
			isa = PBXResourcesBuildPhase;
			buildActionMask = 2147483647;
			files = (
			);
			runOnlyForDeploymentPostprocessing = 0;
		};
/* End PBXResourcesBuildPhase section */

/* Begin PBXShellScriptBuildPhase section */
		1678D513834CDCCC968D86C9 /* [CP] Embed Pods Frameworks */ = {
			isa = PBXShellScriptBuildPhase;
			buildActionMask = 2147483647;
			files = (
			);
			inputFileListPaths = (
				"${PODS_ROOT}/Target Support Files/Pods-parstagram-parstagramUITests/Pods-parstagram-parstagramUITests-frameworks-${CONFIGURATION}-input-files.xcfilelist",
			);
			name = "[CP] Embed Pods Frameworks";
			outputFileListPaths = (
				"${PODS_ROOT}/Target Support Files/Pods-parstagram-parstagramUITests/Pods-parstagram-parstagramUITests-frameworks-${CONFIGURATION}-output-files.xcfilelist",
			);
			runOnlyForDeploymentPostprocessing = 0;
			shellPath = /bin/sh;
			shellScript = "\"${PODS_ROOT}/Target Support Files/Pods-parstagram-parstagramUITests/Pods-parstagram-parstagramUITests-frameworks.sh\"\n";
			showEnvVarsInLog = 0;
		};
		82020D279F992791FABD2DB3 /* [CP] Check Pods Manifest.lock */ = {
			isa = PBXShellScriptBuildPhase;
			buildActionMask = 2147483647;
			files = (
			);
			inputFileListPaths = (
			);
			inputPaths = (
				"${PODS_PODFILE_DIR_PATH}/Podfile.lock",
				"${PODS_ROOT}/Manifest.lock",
			);
			name = "[CP] Check Pods Manifest.lock";
			outputFileListPaths = (
			);
			outputPaths = (
				"$(DERIVED_FILE_DIR)/Pods-parstagram-checkManifestLockResult.txt",
			);
			runOnlyForDeploymentPostprocessing = 0;
			shellPath = /bin/sh;
			shellScript = "diff \"${PODS_PODFILE_DIR_PATH}/Podfile.lock\" \"${PODS_ROOT}/Manifest.lock\" > /dev/null\nif [ $? != 0 ] ; then\n    # print error to STDERR\n    echo \"error: The sandbox is not in sync with the Podfile.lock. Run 'pod install' or update your CocoaPods installation.\" >&2\n    exit 1\nfi\n# This output is used by Xcode 'outputs' to avoid re-running this script phase.\necho \"SUCCESS\" > \"${SCRIPT_OUTPUT_FILE_0}\"\n";
			showEnvVarsInLog = 0;
		};
		ABBA55C0662E1186230AC6A9 /* [CP] Embed Pods Frameworks */ = {
			isa = PBXShellScriptBuildPhase;
			buildActionMask = 2147483647;
			files = (
			);
			inputFileListPaths = (
				"${PODS_ROOT}/Target Support Files/Pods-parstagram/Pods-parstagram-frameworks-${CONFIGURATION}-input-files.xcfilelist",
			);
			name = "[CP] Embed Pods Frameworks";
			outputFileListPaths = (
				"${PODS_ROOT}/Target Support Files/Pods-parstagram/Pods-parstagram-frameworks-${CONFIGURATION}-output-files.xcfilelist",
			);
			runOnlyForDeploymentPostprocessing = 0;
			shellPath = /bin/sh;
			shellScript = "\"${PODS_ROOT}/Target Support Files/Pods-parstagram/Pods-parstagram-frameworks.sh\"\n";
			showEnvVarsInLog = 0;
		};
		C432D5A82D029E0AA3B171AF /* [CP] Check Pods Manifest.lock */ = {
			isa = PBXShellScriptBuildPhase;
			buildActionMask = 2147483647;
			files = (
			);
			inputFileListPaths = (
			);
			inputPaths = (
				"${PODS_PODFILE_DIR_PATH}/Podfile.lock",
				"${PODS_ROOT}/Manifest.lock",
			);
			name = "[CP] Check Pods Manifest.lock";
			outputFileListPaths = (
			);
			outputPaths = (
				"$(DERIVED_FILE_DIR)/Pods-parstagram-parstagramUITests-checkManifestLockResult.txt",
			);
			runOnlyForDeploymentPostprocessing = 0;
			shellPath = /bin/sh;
			shellScript = "diff \"${PODS_PODFILE_DIR_PATH}/Podfile.lock\" \"${PODS_ROOT}/Manifest.lock\" > /dev/null\nif [ $? != 0 ] ; then\n    # print error to STDERR\n    echo \"error: The sandbox is not in sync with the Podfile.lock. Run 'pod install' or update your CocoaPods installation.\" >&2\n    exit 1\nfi\n# This output is used by Xcode 'outputs' to avoid re-running this script phase.\necho \"SUCCESS\" > \"${SCRIPT_OUTPUT_FILE_0}\"\n";
			showEnvVarsInLog = 0;
		};
		E5D002FFFA296D6214EE18AC /* [CP] Check Pods Manifest.lock */ = {
			isa = PBXShellScriptBuildPhase;
			buildActionMask = 2147483647;
			files = (
			);
			inputFileListPaths = (
			);
			inputPaths = (
				"${PODS_PODFILE_DIR_PATH}/Podfile.lock",
				"${PODS_ROOT}/Manifest.lock",
			);
			name = "[CP] Check Pods Manifest.lock";
			outputFileListPaths = (
			);
			outputPaths = (
				"$(DERIVED_FILE_DIR)/Pods-parstagramTests-checkManifestLockResult.txt",
			);
			runOnlyForDeploymentPostprocessing = 0;
			shellPath = /bin/sh;
			shellScript = "diff \"${PODS_PODFILE_DIR_PATH}/Podfile.lock\" \"${PODS_ROOT}/Manifest.lock\" > /dev/null\nif [ $? != 0 ] ; then\n    # print error to STDERR\n    echo \"error: The sandbox is not in sync with the Podfile.lock. Run 'pod install' or update your CocoaPods installation.\" >&2\n    exit 1\nfi\n# This output is used by Xcode 'outputs' to avoid re-running this script phase.\necho \"SUCCESS\" > \"${SCRIPT_OUTPUT_FILE_0}\"\n";
			showEnvVarsInLog = 0;
		};
/* End PBXShellScriptBuildPhase section */

/* Begin PBXSourcesBuildPhase section */
		6471D5EF26016C7E00A6D4F7 /* Sources */ = {
			isa = PBXSourcesBuildPhase;
			buildActionMask = 2147483647;
			files = (
				6471D6332601770D00A6D4F7 /* LoginViewController.swift in Sources */,
				6471D5FB26016C7E00A6D4F7 /* ViewController.swift in Sources */,
				6471D6382601773F00A6D4F7 /* FeedViewController.swift in Sources */,
				6471D5F726016C7E00A6D4F7 /* AppDelegate.swift in Sources */,
				6471D5F926016C7E00A6D4F7 /* SceneDelegate.swift in Sources */,
				64B4733326032F3000E7220C /* CameraViewController.swift in Sources */,
			);
			runOnlyForDeploymentPostprocessing = 0;
		};
		6471D60526016C8100A6D4F7 /* Sources */ = {
			isa = PBXSourcesBuildPhase;
			buildActionMask = 2147483647;
			files = (
				6471D60E26016C8100A6D4F7 /* parstagramTests.swift in Sources */,
			);
			runOnlyForDeploymentPostprocessing = 0;
		};
		6471D61026016C8100A6D4F7 /* Sources */ = {
			isa = PBXSourcesBuildPhase;
			buildActionMask = 2147483647;
			files = (
				6471D61926016C8100A6D4F7 /* parstagramUITests.swift in Sources */,
			);
			runOnlyForDeploymentPostprocessing = 0;
		};
/* End PBXSourcesBuildPhase section */

/* Begin PBXTargetDependency section */
		6471D60B26016C8100A6D4F7 /* PBXTargetDependency */ = {
			isa = PBXTargetDependency;
			target = 6471D5F226016C7E00A6D4F7 /* parstagram */;
			targetProxy = 6471D60A26016C8100A6D4F7 /* PBXContainerItemProxy */;
		};
		6471D61626016C8100A6D4F7 /* PBXTargetDependency */ = {
			isa = PBXTargetDependency;
			target = 6471D5F226016C7E00A6D4F7 /* parstagram */;
			targetProxy = 6471D61526016C8100A6D4F7 /* PBXContainerItemProxy */;
		};
/* End PBXTargetDependency section */

/* Begin PBXVariantGroup section */
		6471D5FC26016C7E00A6D4F7 /* Main.storyboard */ = {
			isa = PBXVariantGroup;
			children = (
				6471D5FD26016C7E00A6D4F7 /* Base */,
			);
			name = Main.storyboard;
			sourceTree = "<group>";
		};
		6471D60126016C8100A6D4F7 /* LaunchScreen.storyboard */ = {
			isa = PBXVariantGroup;
			children = (
				6471D60226016C8100A6D4F7 /* Base */,
			);
			name = LaunchScreen.storyboard;
			sourceTree = "<group>";
		};
/* End PBXVariantGroup section */

/* Begin XCBuildConfiguration section */
		6471D61B26016C8100A6D4F7 /* Debug */ = {
			isa = XCBuildConfiguration;
			buildSettings = {
				ALWAYS_SEARCH_USER_PATHS = NO;
				CLANG_ANALYZER_NONNULL = YES;
				CLANG_ANALYZER_NUMBER_OBJECT_CONVERSION = YES_AGGRESSIVE;
				CLANG_CXX_LANGUAGE_STANDARD = "gnu++14";
				CLANG_CXX_LIBRARY = "libc++";
				CLANG_ENABLE_MODULES = YES;
				CLANG_ENABLE_OBJC_ARC = YES;
				CLANG_ENABLE_OBJC_WEAK = YES;
				CLANG_WARN_BLOCK_CAPTURE_AUTORELEASING = YES;
				CLANG_WARN_BOOL_CONVERSION = YES;
				CLANG_WARN_COMMA = YES;
				CLANG_WARN_CONSTANT_CONVERSION = YES;
				CLANG_WARN_DEPRECATED_OBJC_IMPLEMENTATIONS = YES;
				CLANG_WARN_DIRECT_OBJC_ISA_USAGE = YES_ERROR;
				CLANG_WARN_DOCUMENTATION_COMMENTS = YES;
				CLANG_WARN_EMPTY_BODY = YES;
				CLANG_WARN_ENUM_CONVERSION = YES;
				CLANG_WARN_INFINITE_RECURSION = YES;
				CLANG_WARN_INT_CONVERSION = YES;
				CLANG_WARN_NON_LITERAL_NULL_CONVERSION = YES;
				CLANG_WARN_OBJC_IMPLICIT_RETAIN_SELF = YES;
				CLANG_WARN_OBJC_LITERAL_CONVERSION = YES;
				CLANG_WARN_OBJC_ROOT_CLASS = YES_ERROR;
				CLANG_WARN_QUOTED_INCLUDE_IN_FRAMEWORK_HEADER = YES;
				CLANG_WARN_RANGE_LOOP_ANALYSIS = YES;
				CLANG_WARN_STRICT_PROTOTYPES = YES;
				CLANG_WARN_SUSPICIOUS_MOVE = YES;
				CLANG_WARN_UNGUARDED_AVAILABILITY = YES_AGGRESSIVE;
				CLANG_WARN_UNREACHABLE_CODE = YES;
				CLANG_WARN__DUPLICATE_METHOD_MATCH = YES;
				COPY_PHASE_STRIP = NO;
				DEBUG_INFORMATION_FORMAT = dwarf;
				ENABLE_STRICT_OBJC_MSGSEND = YES;
				ENABLE_TESTABILITY = YES;
				GCC_C_LANGUAGE_STANDARD = gnu11;
				GCC_DYNAMIC_NO_PIC = NO;
				GCC_NO_COMMON_BLOCKS = YES;
				GCC_OPTIMIZATION_LEVEL = 0;
				GCC_PREPROCESSOR_DEFINITIONS = (
					"DEBUG=1",
					"$(inherited)",
				);
				GCC_WARN_64_TO_32_BIT_CONVERSION = YES;
				GCC_WARN_ABOUT_RETURN_TYPE = YES_ERROR;
				GCC_WARN_UNDECLARED_SELECTOR = YES;
				GCC_WARN_UNINITIALIZED_AUTOS = YES_AGGRESSIVE;
				GCC_WARN_UNUSED_FUNCTION = YES;
				GCC_WARN_UNUSED_VARIABLE = YES;
				IPHONEOS_DEPLOYMENT_TARGET = 14.4;
				MTL_ENABLE_DEBUG_INFO = INCLUDE_SOURCE;
				MTL_FAST_MATH = YES;
				ONLY_ACTIVE_ARCH = YES;
				SDKROOT = iphoneos;
				SWIFT_ACTIVE_COMPILATION_CONDITIONS = DEBUG;
				SWIFT_OPTIMIZATION_LEVEL = "-Onone";
			};
			name = Debug;
		};
		6471D61C26016C8100A6D4F7 /* Release */ = {
			isa = XCBuildConfiguration;
			buildSettings = {
				ALWAYS_SEARCH_USER_PATHS = NO;
				CLANG_ANALYZER_NONNULL = YES;
				CLANG_ANALYZER_NUMBER_OBJECT_CONVERSION = YES_AGGRESSIVE;
				CLANG_CXX_LANGUAGE_STANDARD = "gnu++14";
				CLANG_CXX_LIBRARY = "libc++";
				CLANG_ENABLE_MODULES = YES;
				CLANG_ENABLE_OBJC_ARC = YES;
				CLANG_ENABLE_OBJC_WEAK = YES;
				CLANG_WARN_BLOCK_CAPTURE_AUTORELEASING = YES;
				CLANG_WARN_BOOL_CONVERSION = YES;
				CLANG_WARN_COMMA = YES;
				CLANG_WARN_CONSTANT_CONVERSION = YES;
				CLANG_WARN_DEPRECATED_OBJC_IMPLEMENTATIONS = YES;
				CLANG_WARN_DIRECT_OBJC_ISA_USAGE = YES_ERROR;
				CLANG_WARN_DOCUMENTATION_COMMENTS = YES;
				CLANG_WARN_EMPTY_BODY = YES;
				CLANG_WARN_ENUM_CONVERSION = YES;
				CLANG_WARN_INFINITE_RECURSION = YES;
				CLANG_WARN_INT_CONVERSION = YES;
				CLANG_WARN_NON_LITERAL_NULL_CONVERSION = YES;
				CLANG_WARN_OBJC_IMPLICIT_RETAIN_SELF = YES;
				CLANG_WARN_OBJC_LITERAL_CONVERSION = YES;
				CLANG_WARN_OBJC_ROOT_CLASS = YES_ERROR;
				CLANG_WARN_QUOTED_INCLUDE_IN_FRAMEWORK_HEADER = YES;
				CLANG_WARN_RANGE_LOOP_ANALYSIS = YES;
				CLANG_WARN_STRICT_PROTOTYPES = YES;
				CLANG_WARN_SUSPICIOUS_MOVE = YES;
				CLANG_WARN_UNGUARDED_AVAILABILITY = YES_AGGRESSIVE;
				CLANG_WARN_UNREACHABLE_CODE = YES;
				CLANG_WARN__DUPLICATE_METHOD_MATCH = YES;
				COPY_PHASE_STRIP = NO;
				DEBUG_INFORMATION_FORMAT = "dwarf-with-dsym";
				ENABLE_NS_ASSERTIONS = NO;
				ENABLE_STRICT_OBJC_MSGSEND = YES;
				GCC_C_LANGUAGE_STANDARD = gnu11;
				GCC_NO_COMMON_BLOCKS = YES;
				GCC_WARN_64_TO_32_BIT_CONVERSION = YES;
				GCC_WARN_ABOUT_RETURN_TYPE = YES_ERROR;
				GCC_WARN_UNDECLARED_SELECTOR = YES;
				GCC_WARN_UNINITIALIZED_AUTOS = YES_AGGRESSIVE;
				GCC_WARN_UNUSED_FUNCTION = YES;
				GCC_WARN_UNUSED_VARIABLE = YES;
				IPHONEOS_DEPLOYMENT_TARGET = 14.4;
				MTL_ENABLE_DEBUG_INFO = NO;
				MTL_FAST_MATH = YES;
				SDKROOT = iphoneos;
				SWIFT_COMPILATION_MODE = wholemodule;
				SWIFT_OPTIMIZATION_LEVEL = "-O";
				VALIDATE_PRODUCT = YES;
			};
			name = Release;
		};
		6471D61E26016C8100A6D4F7 /* Debug */ = {
			isa = XCBuildConfiguration;
			baseConfigurationReference = FBF2DD12115E50F837CA05E5 /* Pods-parstagram.debug.xcconfig */;
			buildSettings = {
				ASSETCATALOG_COMPILER_APPICON_NAME = AppIcon;
				ASSETCATALOG_COMPILER_GLOBAL_ACCENT_COLOR_NAME = AccentColor;
				CODE_SIGN_STYLE = Automatic;
				INFOPLIST_FILE = parstagram/Info.plist;
				LD_RUNPATH_SEARCH_PATHS = (
					"$(inherited)",
					"@executable_path/Frameworks",
				);
				PRODUCT_BUNDLE_IDENTIFIER = "luisrent84-gmail.com.parstagram";
				PRODUCT_NAME = "$(TARGET_NAME)";
				SWIFT_VERSION = 5.0;
				TARGETED_DEVICE_FAMILY = "1,2";
			};
			name = Debug;
		};
		6471D61F26016C8100A6D4F7 /* Release */ = {
			isa = XCBuildConfiguration;
			baseConfigurationReference = D20692BB17796956971788F9 /* Pods-parstagram.release.xcconfig */;
			buildSettings = {
				ASSETCATALOG_COMPILER_APPICON_NAME = AppIcon;
				ASSETCATALOG_COMPILER_GLOBAL_ACCENT_COLOR_NAME = AccentColor;
				CODE_SIGN_STYLE = Automatic;
				INFOPLIST_FILE = parstagram/Info.plist;
				LD_RUNPATH_SEARCH_PATHS = (
					"$(inherited)",
					"@executable_path/Frameworks",
				);
				PRODUCT_BUNDLE_IDENTIFIER = "luisrent84-gmail.com.parstagram";
				PRODUCT_NAME = "$(TARGET_NAME)";
				SWIFT_VERSION = 5.0;
				TARGETED_DEVICE_FAMILY = "1,2";
			};
			name = Release;
		};
		6471D62126016C8100A6D4F7 /* Debug */ = {
			isa = XCBuildConfiguration;
			baseConfigurationReference = AD29CC5951E4FA8B0FB9495A /* Pods-parstagramTests.debug.xcconfig */;
			buildSettings = {
				ALWAYS_EMBED_SWIFT_STANDARD_LIBRARIES = YES;
				BUNDLE_LOADER = "$(TEST_HOST)";
				CODE_SIGN_STYLE = Automatic;
				INFOPLIST_FILE = parstagramTests/Info.plist;
				IPHONEOS_DEPLOYMENT_TARGET = 14.4;
				LD_RUNPATH_SEARCH_PATHS = (
					"$(inherited)",
					"@executable_path/Frameworks",
					"@loader_path/Frameworks",
				);
				PRODUCT_BUNDLE_IDENTIFIER = "luisrent84-gmail.com.parstagramTests";
				PRODUCT_NAME = "$(TARGET_NAME)";
				SWIFT_VERSION = 5.0;
				TARGETED_DEVICE_FAMILY = "1,2";
				TEST_HOST = "$(BUILT_PRODUCTS_DIR)/parstagram.app/parstagram";
			};
			name = Debug;
		};
		6471D62226016C8100A6D4F7 /* Release */ = {
			isa = XCBuildConfiguration;
			baseConfigurationReference = 76F1BB248F6767C4B02B98CE /* Pods-parstagramTests.release.xcconfig */;
			buildSettings = {
				ALWAYS_EMBED_SWIFT_STANDARD_LIBRARIES = YES;
				BUNDLE_LOADER = "$(TEST_HOST)";
				CODE_SIGN_STYLE = Automatic;
				INFOPLIST_FILE = parstagramTests/Info.plist;
				IPHONEOS_DEPLOYMENT_TARGET = 14.4;
				LD_RUNPATH_SEARCH_PATHS = (
					"$(inherited)",
					"@executable_path/Frameworks",
					"@loader_path/Frameworks",
				);
				PRODUCT_BUNDLE_IDENTIFIER = "luisrent84-gmail.com.parstagramTests";
				PRODUCT_NAME = "$(TARGET_NAME)";
				SWIFT_VERSION = 5.0;
				TARGETED_DEVICE_FAMILY = "1,2";
				TEST_HOST = "$(BUILT_PRODUCTS_DIR)/parstagram.app/parstagram";
			};
			name = Release;
		};
		6471D62426016C8100A6D4F7 /* Debug */ = {
			isa = XCBuildConfiguration;
			baseConfigurationReference = 0BEE6DC683DEB27D77C1B6F3 /* Pods-parstagram-parstagramUITests.debug.xcconfig */;
			buildSettings = {
				ALWAYS_EMBED_SWIFT_STANDARD_LIBRARIES = YES;
				CODE_SIGN_STYLE = Automatic;
				INFOPLIST_FILE = parstagramUITests/Info.plist;
				LD_RUNPATH_SEARCH_PATHS = (
					"$(inherited)",
					"@executable_path/Frameworks",
					"@loader_path/Frameworks",
				);
				PRODUCT_BUNDLE_IDENTIFIER = "luisrent84-gmail.com.parstagramUITests";
				PRODUCT_NAME = "$(TARGET_NAME)";
				SWIFT_VERSION = 5.0;
				TARGETED_DEVICE_FAMILY = "1,2";
				TEST_TARGET_NAME = parstagram;
			};
			name = Debug;
		};
		6471D62526016C8100A6D4F7 /* Release */ = {
			isa = XCBuildConfiguration;
			baseConfigurationReference = 845BBF8966E8E67F30E987F5 /* Pods-parstagram-parstagramUITests.release.xcconfig */;
			buildSettings = {
				ALWAYS_EMBED_SWIFT_STANDARD_LIBRARIES = YES;
				CODE_SIGN_STYLE = Automatic;
				INFOPLIST_FILE = parstagramUITests/Info.plist;
				LD_RUNPATH_SEARCH_PATHS = (
					"$(inherited)",
					"@executable_path/Frameworks",
					"@loader_path/Frameworks",
				);
				PRODUCT_BUNDLE_IDENTIFIER = "luisrent84-gmail.com.parstagramUITests";
				PRODUCT_NAME = "$(TARGET_NAME)";
				SWIFT_VERSION = 5.0;
				TARGETED_DEVICE_FAMILY = "1,2";
				TEST_TARGET_NAME = parstagram;
			};
			name = Release;
		};
/* End XCBuildConfiguration section */

/* Begin XCConfigurationList section */
		6471D5EE26016C7E00A6D4F7 /* Build configuration list for PBXProject "parstagram" */ = {
			isa = XCConfigurationList;
			buildConfigurations = (
				6471D61B26016C8100A6D4F7 /* Debug */,
				6471D61C26016C8100A6D4F7 /* Release */,
			);
			defaultConfigurationIsVisible = 0;
			defaultConfigurationName = Release;
		};
		6471D61D26016C8100A6D4F7 /* Build configuration list for PBXNativeTarget "parstagram" */ = {
			isa = XCConfigurationList;
			buildConfigurations = (
				6471D61E26016C8100A6D4F7 /* Debug */,
				6471D61F26016C8100A6D4F7 /* Release */,
			);
			defaultConfigurationIsVisible = 0;
			defaultConfigurationName = Release;
		};
		6471D62026016C8100A6D4F7 /* Build configuration list for PBXNativeTarget "parstagramTests" */ = {
			isa = XCConfigurationList;
			buildConfigurations = (
				6471D62126016C8100A6D4F7 /* Debug */,
				6471D62226016C8100A6D4F7 /* Release */,
			);
			defaultConfigurationIsVisible = 0;
			defaultConfigurationName = Release;
		};
		6471D62326016C8100A6D4F7 /* Build configuration list for PBXNativeTarget "parstagramUITests" */ = {
			isa = XCConfigurationList;
			buildConfigurations = (
				6471D62426016C8100A6D4F7 /* Debug */,
				6471D62526016C8100A6D4F7 /* Release */,
			);
			defaultConfigurationIsVisible = 0;
			defaultConfigurationName = Release;
		};
/* End XCConfigurationList section */
	};
	rootObject = 6471D5EB26016C7E00A6D4F7 /* Project object */;
}
